<?xml version="1.0" encoding="utf-8"?>
<Project ToolsVersion="4.0" xmlns="http://schemas.microsoft.com/developer/msbuild/2003">
  <ItemGroup>
    <Filter Include="Source Files">
      <UniqueIdentifier>{4FC737F1-C7A5-4376-A066-2A32D752A2FF}</UniqueIdentifier>
      <Extensions>cpp;c;cc;cxx;def;odl;idl;hpj;bat;asm;asmx</Extensions>
    </Filter>
    <Filter Include="Header Files">
      <UniqueIdentifier>{93995380-89BD-4b04-88EB-625FBE52EBFB}</UniqueIdentifier>
      <Extensions>h;hpp;hxx;hm;inl;inc;xsd</Extensions>
    </Filter>
  </ItemGroup>
  <ItemGroup>
    <ClCompile Include="source\binary_buffer.cpp">
      <Filter>Source Files</Filter>
    </ClCompile>
    <ClCompile Include="source\convertors.cpp">
      <Filter>Source Files</Filter>
    </ClCompile>
    <ClCompile Include="source\field_definition.cpp">
      <Filter>Source Files</Filter>
    </ClCompile>
    <ClCompile Include="source\general_table.cpp">
      <Filter>Source Files</Filter>
    </ClCompile>
    <ClCompile Include="source\jcstream.cpp">
      <Filter>Source Files</Filter>
    </ClCompile>
    <ClCompile Include="source\param_define.cpp">
      <Filter>Source Files</Filter>
    </ClCompile>
    <ClCompile Include="source\param_set.cpp">
      <Filter>Source Files</Filter>
    </ClCompile>
    <ClCompile Include="source\string_iterator.cpp">
      <Filter>Source Files</Filter>
    </ClCompile>
    <ClCompile Include="source\table_base.cpp">
      <Filter>Source Files</Filter>
    </ClCompile>
  </ItemGroup>
  <ItemGroup>
    <ClInclude Include="include\general_table.h">
      <Filter>Header Files</Filter>
    </ClInclude>
    <ClInclude Include="include\ibinary_buf.h">
      <Filter>Header Files</Filter>
    </ClInclude>
    <ClInclude Include="include\ivalue.h">
      <Filter>Header Files</Filter>
    </ClInclude>
    <ClInclude Include="jcparam.h">
      <Filter>Header Files</Filter>
    </ClInclude>
    <ClInclude Include="include\jcstream.h">
      <Filter>Header Files</Filter>
    </ClInclude>
    <ClInclude Include="include\param_define.h">
      <Filter>Header Files</Filter>
    </ClInclude>
    <ClInclude Include="include\partial_string.h">
      <Filter>Header Files</Filter>
    </ClInclude>
    <ClInclude Include="include\smart_iterator.h">
      <Filter>Header Files</Filter>
    </ClInclude>
    <ClInclude Include="source\stdafx.h">
      <Filter>Header Files</Filter>
    </ClInclude>
    <ClInclude Include="source\string_iterator.h">
      <Filter>Header Files</Filter>
    </ClInclude>
    <ClInclude Include="include\string_table.h">
      <Filter>Header Files</Filter>
    </ClInclude>
    <ClInclude Include="include\table.h">
      <Filter>Header Files</Filter>
    </ClInclude>
    <ClInclude Include="include\table_base.h">
      <Filter>Header Files</Filter>
    </ClInclude>
    <ClInclude Include="include\value.h">
      <Filter>Header Files</Filter>
    </ClInclude>
  </ItemGroup>
  <ItemGroup>
    <Text Include="ReadMe.txt" />
  </ItemGroup>
</Project>