<?xml version="1.0" encoding="utf-8"?>
<Project ToolsVersion="4.0" xmlns="http://schemas.microsoft.com/developer/msbuild/2003">
  <ItemGroup>
    <Filter Include="Source Files">
      <UniqueIdentifier>{4FC737F1-C7A5-4376-A066-2A32D752A2FF}</UniqueIdentifier>
      <Extensions>cpp;c;cc;cxx;def;odl;idl;hpj;bat;asm;asmx</Extensions>
    </Filter>
    <Filter Include="Header Files">
      <UniqueIdentifier>{93995380-89BD-4b04-88EB-625FBE52EBFB}</UniqueIdentifier>
      <Extensions>h;hpp;hxx;hm;inl;inc;xsd</Extensions>
    </Filter>
  </ItemGroup>
  <ItemGroup>
    <ClCompile Include="source\jcexception.cpp">
      <Filter>Source Files</Filter>
    </ClCompile>
    <ClCompile Include="source\jchelptool.cpp">
      <Filter>Source Files</Filter>
    </ClCompile>
    <ClCompile Include="source\jclogger_appenders.cpp">
      <Filter>Source Files</Filter>
    </ClCompile>
    <ClCompile Include="source\jclogger_base.cpp">
      <Filter>Source Files</Filter>
    </ClCompile>
    <ClCompile Include="source\message_pipe.cpp">
      <Filter>Source Files</Filter>
    </ClCompile>
    <ClCompile Include="source\single_tone.cpp">
      <Filter>Source Files</Filter>
    </ClCompile>
  </ItemGroup>
  <ItemGroup>
    <ClInclude Include="include\autohandle.h">
      <Filter>Header Files</Filter>
    </ClInclude>
    <ClInclude Include="include\comm_define.h">
      <Filter>Header Files</Filter>
    </ClInclude>
    <ClInclude Include="include\comm_windows.h">
      <Filter>Header Files</Filter>
    </ClInclude>
    <ClInclude Include="include\jc_secure.h">
      <Filter>Header Files</Filter>
    </ClInclude>
    <ClInclude Include="include\jc_secure_windows.h">
      <Filter>Header Files</Filter>
    </ClInclude>
    <ClInclude Include="include\jcexception.h">
      <Filter>Header Files</Filter>
    </ClInclude>
    <ClInclude Include="include\jchelptool.h">
      <Filter>Header Files</Filter>
    </ClInclude>
    <ClInclude Include="include\jcinterface.h">
      <Filter>Header Files</Filter>
    </ClInclude>
    <ClInclude Include="source\jclogger_appenders.h">
      <Filter>Header Files</Filter>
    </ClInclude>
    <ClInclude Include="include\jclogger_base.h">
      <Filter>Header Files</Filter>
    </ClInclude>
    <ClInclude Include="local_config.h">
      <Filter>Header Files</Filter>
    </ClInclude>
    <ClInclude Include="include\message_pipe.h">
      <Filter>Header Files</Filter>
    </ClInclude>
    <ClInclude Include="include\single_tone.h">
      <Filter>Header Files</Filter>
    </ClInclude>
    <ClInclude Include="stdext.h">
      <Filter>Header Files</Filter>
    </ClInclude>
    <ClInclude Include="include\utility.h">
      <Filter>Header Files</Filter>
    </ClInclude>
  </ItemGroup>
  <ItemGroup>
    <Text Include="ReadMe.txt" />
  </ItemGroup>
  <ItemGroup>
    <None Include="single_tone_diagram.cd" />
  </ItemGroup>
</Project>